
Microsoft Visual Studio Solution File, Format Version 12.00
# Visual Studio Version 17
VisualStudioVersion = 17.6.33815.320
MinimumVisualStudioVersion = 10.0.40219.1
Project("{FAE04EC0-301F-11D3-BF4B-00C04F79EFBC}") = "TimeCalculator", "TimeCalculator.csproj", "{7858B881-8B1B-4C54-8B85-DA5D2E74BD21}"
EndProject
Global
	GlobalSection(SolutionConfigurationPlatforms) = preSolution
		Debug|Any CPU = Debug|Any CPU
		Release|Any CPU = Release|Any CPU
	EndGlobalSection
	GlobalSection(ProjectConfigurationPlatforms) = postSolution
		{7858B881-8B1B-4C54-8B85-DA5D2E74BD21}.Debug|Any CPU.ActiveCfg = Debug|Any CPU
		{7858B881-8B1B-4C54-8B85-DA5D2E74BD21}.Debug|Any CPU.Build.0 = Debug|Any CPU
		{7858B881-8B1B-4C54-8B85-DA5D2E74BD21}.Release|Any CPU.ActiveCfg = Release|Any CPU
		{7858B881-8B1B-4C54-8B85-DA5D2E74BD21}.Release|Any CPU.Build.0 = Release|Any CPU
	EndGlobalSection
	GlobalSection(SolutionProperties) = preSolution
		HideSolutionNode = FALSE
	EndGlobalSection
	GlobalSection(ExtensibilityGlobals) = postSolution
		SolutionGuid = {867DFBD8-007C-48F7-A11F-E4DD53E944A9}
	EndGlobalSection
EndGlobal
